{
  "requires": true,
  "lockfileVersion": 1,
  "dependencies": {
    "tabulator-tables": {
      "version": "4.5.3",
      "resolved": "https://registry.npmjs.org/tabulator-tables/-/tabulator-tables-4.5.3.tgz",
      "integrity": "sha512-wf/BQh0K5XKihulqkIsFky4/7V9+pDMts2RNGiOqH0/fXtLqWy/StTQxEHsSOf+LD6ZK9WRKObQ8vez1e1Yn5g=="
    }
  }
}
