
Microsoft Visual Studio Solution File, Format Version 12.00
# Visual Studio Version 16
VisualStudioVersion = 16.0.29201.188
MinimumVisualStudioVersion = 10.0.40219.1
Project("{2150E333-8FDC-42A3-9474-1A3956D46DE8}") = "Infra", "Infra", "{9988055F-E777-4953-B4EB-0A7D622445E6}"
EndProject
Project("{9A19103F-16F7-4668-BE54-9A1E7A4F7556}") = "Veam.Infra.Files", "Infra\Veam.Infra.Files\Veam.Infra.Files.csproj", "{42FA51AB-74B8-4722-AD69-EACDF7291570}"
EndProject
Project("{2150E333-8FDC-42A3-9474-1A3956D46DE8}") = "CoreContext", "CoreContext", "{3769C90C-9222-43D1-A5A1-405A11E870A1}"
EndProject
Project("{2150E333-8FDC-42A3-9474-1A3956D46DE8}") = "3. CenterContext", "3. CenterContext", "{8E26F7C8-0742-4EFC-83CB-46B1C7F6C730}"
EndProject
Project("{9A19103F-16F7-4668-BE54-9A1E7A4F7556}") = "Veam.Infra.Data", "Infra\Veam.Infra.Data\Veam.Infra.Data.csproj", "{D8B72058-C4E9-459F-ABFF-042BCB33CC57}"
EndProject
Project("{9A19103F-16F7-4668-BE54-9A1E7A4F7556}") = "Veam.Infra.Emails", "Infra\Veam.Infra.Emails\Veam.Infra.Emails.csproj", "{08ED336B-04E5-45A4-BDB7-70A9DB94809A}"
EndProject
Project("{9A19103F-16F7-4668-BE54-9A1E7A4F7556}") = "Veam.Infra.Identity", "Infra\Veam.Infra.Identity\Veam.Infra.Identity.csproj", "{B46514FC-DD41-4A58-B562-051D9B004448}"
EndProject
Project("{9A19103F-16F7-4668-BE54-9A1E7A4F7556}") = "Veam.Centers.Domain", "Contexts\Center\Veam.Center.Domain\Veam.Centers.Domain.csproj", "{D35F78B6-E85C-45B4-846C-672A8FDE35D5}"
EndProject
Project("{9A19103F-16F7-4668-BE54-9A1E7A4F7556}") = "Veam.Centers.Application", "Contexts\Center\Veam.Center.Application\Veam.Centers.Application.csproj", "{816396CA-CC90-4A28-9EBA-41BD527DB20D}"
EndProject
Project("{9A19103F-16F7-4668-BE54-9A1E7A4F7556}") = "Veam.Domain.Core", "CrossCutting\Veam.Domain.Core\Veam.Domain.Core.csproj", "{F6FDCC0F-9AE2-4238-A324-BB8F587D3159}"
EndProject
Project("{9A19103F-16F7-4668-BE54-9A1E7A4F7556}") = "Veam.Application.Core", "CrossCutting\Veam.Application.Core\Veam.Application.Core.csproj", "{250D5928-8752-47F6-8ADC-A3D194AE1E8B}"
EndProject
Project("{2150E333-8FDC-42A3-9474-1A3956D46DE8}") = "Persentation", "Persentation", "{99555437-6B45-48F3-ABCF-4867DC1B0A29}"
EndProject
Project("{2150E333-8FDC-42A3-9474-1A3956D46DE8}") = "Library", "Library", "{21A09190-BB85-4805-9E17-6ED650B5E66D}"
EndProject
Project("{9A19103F-16F7-4668-BE54-9A1E7A4F7556}") = "Veam.Centers", "Contexts\Center\Veam.Center\Veam.Centers.csproj", "{D854B51B-1833-4AD7-B243-687E182F8564}"
EndProject
Project("{9A19103F-16F7-4668-BE54-9A1E7A4F7556}") = "Veam", "Persentation\Veam\Veam.csproj", "{6BFD69F5-47A4-4011-99F3-120A1E7480A0}"
EndProject
Project("{9A19103F-16F7-4668-BE54-9A1E7A4F7556}") = "Barebone", "CrossCutting\Barebone\Barebone.csproj", "{3AC849BF-7D3C-4AEC-BCCD-0BBCBA02AD67}"
EndProject
Project("{2150E333-8FDC-42A3-9474-1A3956D46DE8}") = "4. RentContext", "4. RentContext", "{AF6DDC48-4A7F-4DD3-B24F-8A15EC7F0F08}"
EndProject
Project("{2150E333-8FDC-42A3-9474-1A3956D46DE8}") = "BoundedContext", "BoundedContext", "{DF175D1E-41C7-4FDB-841B-A547DB66E588}"
EndProject
Project("{9A19103F-16F7-4668-BE54-9A1E7A4F7556}") = "Veam.CenterRent.Application", "Contexts\RentAgreement\Veam.CenterRent.Application\Veam.CenterRent.Application.csproj", "{F5529F4B-99BE-4BF4-BDBF-E1921500A1F1}"
EndProject
Project("{9A19103F-16F7-4668-BE54-9A1E7A4F7556}") = "Veam.CenterRent.Domain", "Contexts\RentAgreement\Veam.CenterRent.Domain\Veam.CenterRent.Domain.csproj", "{C4B3394C-42C1-4CB8-8583-14548BFC74CF}"
EndProject
Project("{9A19103F-16F7-4668-BE54-9A1E7A4F7556}") = "Veam.CenterRent", "Contexts\RentAgreement\Veam.CenterRent\Veam.CenterRent.csproj", "{9AAD4460-F214-4B34-86C8-119A1A04FE88}"
EndProject
Project("{2150E333-8FDC-42A3-9474-1A3956D46DE8}") = "2. BaseContext", "2. BaseContext", "{68DBEAD3-D206-4789-A0B6-22F8FDFC25D4}"
EndProject
Project("{9A19103F-16F7-4668-BE54-9A1E7A4F7556}") = "Veam.Base.Domain", "Contexts\Base\Veam.Base.Domain\Veam.Base.Domain.csproj", "{46379CF9-EA20-454D-85F4-B5A38CF83AC3}"
EndProject
Project("{9A19103F-16F7-4668-BE54-9A1E7A4F7556}") = "Veam.Base.Application", "Contexts\Base\Veam.Base.Application\Veam.Base.Application.csproj", "{ECC77110-14F6-45C9-80D1-B4E3D01931FB}"
EndProject
Project("{9A19103F-16F7-4668-BE54-9A1E7A4F7556}") = "Veam.Base", "Contexts\Base\Veam.Base\Veam.Base.csproj", "{5785AC8A-58E8-49F5-8D80-8AA0C6F7F1B6}"
EndProject
Project("{2150E333-8FDC-42A3-9474-1A3956D46DE8}") = "1. EAMContext", "1. EAMContext", "{D6095ED8-B5E1-4064-951C-753990253A0D}"
EndProject
Project("{9A19103F-16F7-4668-BE54-9A1E7A4F7556}") = "Veam.EAM.Domain", "Contexts\EAM\Veam.EAM.Domain\Veam.EAM.Domain.csproj", "{A36773EB-74AF-46BE-9881-5BA6A593D891}"
EndProject
Project("{9A19103F-16F7-4668-BE54-9A1E7A4F7556}") = "Veam.EAM.Application", "Contexts\EAM\Veam.EAM.Application\Veam.EAM.Application.csproj", "{D6EB6BB8-13D7-4BEE-B585-E5A4AA9D9715}"
EndProject
Project("{9A19103F-16F7-4668-BE54-9A1E7A4F7556}") = "Veam.EAM", "Contexts\EAM\Veam.EAM\Veam.EAM.csproj", "{3BFD9A90-01A3-4F31-8C8E-775892F15C2B}"
EndProject
Project("{9A19103F-16F7-4668-BE54-9A1E7A4F7556}") = "Veam.QRCoder.Lib", "Library\Veam.QRCoder.Lib\Veam.QRCoder.Lib.csproj", "{17B12114-EDBB-436C-9EE6-0E0394563E5C}"
EndProject
Project("{2150E333-8FDC-42A3-9474-1A3956D46DE8}") = "ExtCore File", "ExtCore File", "{347AB903-E7B7-4788-AE2F-F1362B46C69E}"
EndProject
Project("{9A19103F-16F7-4668-BE54-9A1E7A4F7556}") = "Veam.FileStorage.Abstractions", "Library\Veam.FileStorage.Lib\Veam.FileStorage.Abstractions\Veam.FileStorage.Abstractions.csproj", "{81BAA87C-E62E-460E-A21A-AFBBB65E97AD}"
EndProject
Project("{9A19103F-16F7-4668-BE54-9A1E7A4F7556}") = "Veam.FileStorage.Dropbox", "Library\Veam.FileStorage.Lib\Veam.FileStorage.Dropbox\Veam.FileStorage.Dropbox.csproj", "{EE8E01FF-4730-43EF-98AB-C8DEA1476BB0}"
EndProject
Project("{9A19103F-16F7-4668-BE54-9A1E7A4F7556}") = "Veam.FileStorage.FileSystem", "Library\Veam.FileStorage.Lib\Veam.FileStorage.FileSystem\Veam.FileStorage.FileSystem.csproj", "{D05108B5-3A3A-4088-9F17-0EBE1300583A}"
EndProject
Project("{9A19103F-16F7-4668-BE54-9A1E7A4F7556}") = "Veam.File.Ext", "Library\Veam.FileStorage.Lib\Veam.FileStorage\Veam.File.Ext.csproj", "{458374D9-1EF4-4AEF-9A43-58378E5BAB0C}"
EndProject
Project("{9A19103F-16F7-4668-BE54-9A1E7A4F7556}") = "Veam.Identity", "Contexts\Veam.Identity\Veam.Identity.csproj", "{888B9ED4-08E3-4B4C-970A-C5799F01BEE5}"
EndProject
Project("{2150E333-8FDC-42A3-9474-1A3956D46DE8}") = "5. EMSContext", "5. EMSContext", "{10441F05-FDF6-4E2C-BADD-0610FC18CDF7}"
EndProject
Project("{9A19103F-16F7-4668-BE54-9A1E7A4F7556}") = "Veam.EMS.Domain", "Contexts\EMS\Veam.EMS.Domain\Veam.EMS.Domain.csproj", "{7F81581F-DF6D-4C2A-BC1B-B116D616E5E4}"
EndProject
Project("{9A19103F-16F7-4668-BE54-9A1E7A4F7556}") = "Veam.EMS.Persistance", "Contexts\EMS\Veam.EMS.Persistance\Veam.EMS.Persistance.csproj", "{D585C1E6-CD80-4D77-9F45-A4D205585BA2}"
EndProject
Project("{9A19103F-16F7-4668-BE54-9A1E7A4F7556}") = "Veam.EMS.Application", "Contexts\EMS\Veam.EMS.ApplicationCore\Veam.EMS.Application.csproj", "{65F80BDC-8DBA-489C-800B-EEA46F7EF019}"
EndProject
Project("{9A19103F-16F7-4668-BE54-9A1E7A4F7556}") = "Veam.EMS", "Contexts\EMS\Veam.EMS\Veam.EMS.csproj", "{1BECA007-8193-443D-B13F-D0731115ECB4}"
EndProject
Project("{9A19103F-16F7-4668-BE54-9A1E7A4F7556}") = "VeamWebAppHost", "Persentation\Veam.WebAppHost\VeamWebAppHost.csproj", "{5CB09FA7-D404-4900-B036-27204B779A34}"
EndProject
Project("{9A19103F-16F7-4668-BE54-9A1E7A4F7556}") = "Veam.Infra.QRCoder", "Infra\Veam.Infra.QRCoder\Veam.Infra.QRCoder.csproj", "{48DABA68-76B4-47EA-ADA8-C9734E524FE1}"
EndProject
Project("{9A19103F-16F7-4668-BE54-9A1E7A4F7556}") = "Veam.Infra", "Infra\Veam.Infra\Veam.Infra.csproj", "{A32314F9-6C00-4B69-8DB0-0DD780F04069}"
EndProject
Project("{2150E333-8FDC-42A3-9474-1A3956D46DE8}") = "Test", "Test", "{2CB2C6F3-EA9E-4816-B946-A94CF2E6190C}"
EndProject
Project("{9A19103F-16F7-4668-BE54-9A1E7A4F7556}") = "Veam.EAM.Data", "Contexts\EAM\Veam.EAM.Data\Veam.EAM.Data.csproj", "{CF51C24A-B236-4FD1-A048-35721D56338C}"
EndProject
Project("{9A19103F-16F7-4668-BE54-9A1E7A4F7556}") = "Veam.CenterRent.Data", "Contexts\RentAgreement\Veam.CenterRent.Data\Veam.CenterRent.Data.csproj", "{FCF77B55-7882-4F37-8273-2141242D57AB}"
EndProject
Project("{9A19103F-16F7-4668-BE54-9A1E7A4F7556}") = "Veam.Test", "Test\Veam.Test\Veam.Test.csproj", "{796EC6D2-077B-4CD4-9970-8F4946E9A850}"
EndProject
Global
	GlobalSection(SolutionConfigurationPlatforms) = preSolution
		Debug|Any CPU = Debug|Any CPU
		Release|Any CPU = Release|Any CPU
	EndGlobalSection
	GlobalSection(ProjectConfigurationPlatforms) = postSolution
		{42FA51AB-74B8-4722-AD69-EACDF7291570}.Debug|Any CPU.ActiveCfg = Debug|Any CPU
		{42FA51AB-74B8-4722-AD69-EACDF7291570}.Debug|Any CPU.Build.0 = Debug|Any CPU
		{42FA51AB-74B8-4722-AD69-EACDF7291570}.Release|Any CPU.ActiveCfg = Release|Any CPU
		{42FA51AB-74B8-4722-AD69-EACDF7291570}.Release|Any CPU.Build.0 = Release|Any CPU
		{D8B72058-C4E9-459F-ABFF-042BCB33CC57}.Debug|Any CPU.ActiveCfg = Debug|Any CPU
		{D8B72058-C4E9-459F-ABFF-042BCB33CC57}.Debug|Any CPU.Build.0 = Debug|Any CPU
		{D8B72058-C4E9-459F-ABFF-042BCB33CC57}.Release|Any CPU.ActiveCfg = Release|Any CPU
		{D8B72058-C4E9-459F-ABFF-042BCB33CC57}.Release|Any CPU.Build.0 = Release|Any CPU
		{08ED336B-04E5-45A4-BDB7-70A9DB94809A}.Debug|Any CPU.ActiveCfg = Debug|Any CPU
		{08ED336B-04E5-45A4-BDB7-70A9DB94809A}.Debug|Any CPU.Build.0 = Debug|Any CPU
		{08ED336B-04E5-45A4-BDB7-70A9DB94809A}.Release|Any CPU.ActiveCfg = Release|Any CPU
		{08ED336B-04E5-45A4-BDB7-70A9DB94809A}.Release|Any CPU.Build.0 = Release|Any CPU
		{B46514FC-DD41-4A58-B562-051D9B004448}.Debug|Any CPU.ActiveCfg = Debug|Any CPU
		{B46514FC-DD41-4A58-B562-051D9B004448}.Debug|Any CPU.Build.0 = Debug|Any CPU
		{B46514FC-DD41-4A58-B562-051D9B004448}.Release|Any CPU.ActiveCfg = Release|Any CPU
		{B46514FC-DD41-4A58-B562-051D9B004448}.Release|Any CPU.Build.0 = Release|Any CPU
		{D35F78B6-E85C-45B4-846C-672A8FDE35D5}.Debug|Any CPU.ActiveCfg = Debug|Any CPU
		{D35F78B6-E85C-45B4-846C-672A8FDE35D5}.Debug|Any CPU.Build.0 = Debug|Any CPU
		{D35F78B6-E85C-45B4-846C-672A8FDE35D5}.Release|Any CPU.ActiveCfg = Release|Any CPU
		{D35F78B6-E85C-45B4-846C-672A8FDE35D5}.Release|Any CPU.Build.0 = Release|Any CPU
		{816396CA-CC90-4A28-9EBA-41BD527DB20D}.Debug|Any CPU.ActiveCfg = Debug|Any CPU
		{816396CA-CC90-4A28-9EBA-41BD527DB20D}.Debug|Any CPU.Build.0 = Debug|Any CPU
		{816396CA-CC90-4A28-9EBA-41BD527DB20D}.Release|Any CPU.ActiveCfg = Release|Any CPU
		{816396CA-CC90-4A28-9EBA-41BD527DB20D}.Release|Any CPU.Build.0 = Release|Any CPU
		{F6FDCC0F-9AE2-4238-A324-BB8F587D3159}.Debug|Any CPU.ActiveCfg = Debug|Any CPU
		{F6FDCC0F-9AE2-4238-A324-BB8F587D3159}.Debug|Any CPU.Build.0 = Debug|Any CPU
		{F6FDCC0F-9AE2-4238-A324-BB8F587D3159}.Release|Any CPU.ActiveCfg = Release|Any CPU
		{F6FDCC0F-9AE2-4238-A324-BB8F587D3159}.Release|Any CPU.Build.0 = Release|Any CPU
		{250D5928-8752-47F6-8ADC-A3D194AE1E8B}.Debug|Any CPU.ActiveCfg = Debug|Any CPU
		{250D5928-8752-47F6-8ADC-A3D194AE1E8B}.Debug|Any CPU.Build.0 = Debug|Any CPU
		{250D5928-8752-47F6-8ADC-A3D194AE1E8B}.Release|Any CPU.ActiveCfg = Release|Any CPU
		{250D5928-8752-47F6-8ADC-A3D194AE1E8B}.Release|Any CPU.Build.0 = Release|Any CPU
		{D854B51B-1833-4AD7-B243-687E182F8564}.Debug|Any CPU.ActiveCfg = Debug|Any CPU
		{D854B51B-1833-4AD7-B243-687E182F8564}.Debug|Any CPU.Build.0 = Debug|Any CPU
		{D854B51B-1833-4AD7-B243-687E182F8564}.Release|Any CPU.ActiveCfg = Release|Any CPU
		{D854B51B-1833-4AD7-B243-687E182F8564}.Release|Any CPU.Build.0 = Release|Any CPU
		{6BFD69F5-47A4-4011-99F3-120A1E7480A0}.Debug|Any CPU.ActiveCfg = Debug|Any CPU
		{6BFD69F5-47A4-4011-99F3-120A1E7480A0}.Debug|Any CPU.Build.0 = Debug|Any CPU
		{6BFD69F5-47A4-4011-99F3-120A1E7480A0}.Release|Any CPU.ActiveCfg = Release|Any CPU
		{6BFD69F5-47A4-4011-99F3-120A1E7480A0}.Release|Any CPU.Build.0 = Release|Any CPU
		{3AC849BF-7D3C-4AEC-BCCD-0BBCBA02AD67}.Debug|Any CPU.ActiveCfg = Debug|Any CPU
		{3AC849BF-7D3C-4AEC-BCCD-0BBCBA02AD67}.Debug|Any CPU.Build.0 = Debug|Any CPU
		{3AC849BF-7D3C-4AEC-BCCD-0BBCBA02AD67}.Release|Any CPU.ActiveCfg = Release|Any CPU
		{3AC849BF-7D3C-4AEC-BCCD-0BBCBA02AD67}.Release|Any CPU.Build.0 = Release|Any CPU
		{F5529F4B-99BE-4BF4-BDBF-E1921500A1F1}.Debug|Any CPU.ActiveCfg = Debug|Any CPU
		{F5529F4B-99BE-4BF4-BDBF-E1921500A1F1}.Debug|Any CPU.Build.0 = Debug|Any CPU
		{F5529F4B-99BE-4BF4-BDBF-E1921500A1F1}.Release|Any CPU.ActiveCfg = Release|Any CPU
		{F5529F4B-99BE-4BF4-BDBF-E1921500A1F1}.Release|Any CPU.Build.0 = Release|Any CPU
		{C4B3394C-42C1-4CB8-8583-14548BFC74CF}.Debug|Any CPU.ActiveCfg = Debug|Any CPU
		{C4B3394C-42C1-4CB8-8583-14548BFC74CF}.Debug|Any CPU.Build.0 = Debug|Any CPU
		{C4B3394C-42C1-4CB8-8583-14548BFC74CF}.Release|Any CPU.ActiveCfg = Release|Any CPU
		{C4B3394C-42C1-4CB8-8583-14548BFC74CF}.Release|Any CPU.Build.0 = Release|Any CPU
		{9AAD4460-F214-4B34-86C8-119A1A04FE88}.Debug|Any CPU.ActiveCfg = Debug|Any CPU
		{9AAD4460-F214-4B34-86C8-119A1A04FE88}.Debug|Any CPU.Build.0 = Debug|Any CPU
		{9AAD4460-F214-4B34-86C8-119A1A04FE88}.Release|Any CPU.ActiveCfg = Release|Any CPU
		{9AAD4460-F214-4B34-86C8-119A1A04FE88}.Release|Any CPU.Build.0 = Release|Any CPU
		{46379CF9-EA20-454D-85F4-B5A38CF83AC3}.Debug|Any CPU.ActiveCfg = Debug|Any CPU
		{46379CF9-EA20-454D-85F4-B5A38CF83AC3}.Debug|Any CPU.Build.0 = Debug|Any CPU
		{46379CF9-EA20-454D-85F4-B5A38CF83AC3}.Release|Any CPU.ActiveCfg = Release|Any CPU
		{46379CF9-EA20-454D-85F4-B5A38CF83AC3}.Release|Any CPU.Build.0 = Release|Any CPU
		{ECC77110-14F6-45C9-80D1-B4E3D01931FB}.Debug|Any CPU.ActiveCfg = Debug|Any CPU
		{ECC77110-14F6-45C9-80D1-B4E3D01931FB}.Debug|Any CPU.Build.0 = Debug|Any CPU
		{ECC77110-14F6-45C9-80D1-B4E3D01931FB}.Release|Any CPU.ActiveCfg = Release|Any CPU
		{ECC77110-14F6-45C9-80D1-B4E3D01931FB}.Release|Any CPU.Build.0 = Release|Any CPU
		{5785AC8A-58E8-49F5-8D80-8AA0C6F7F1B6}.Debug|Any CPU.ActiveCfg = Debug|Any CPU
		{5785AC8A-58E8-49F5-8D80-8AA0C6F7F1B6}.Debug|Any CPU.Build.0 = Debug|Any CPU
		{5785AC8A-58E8-49F5-8D80-8AA0C6F7F1B6}.Release|Any CPU.ActiveCfg = Release|Any CPU
		{5785AC8A-58E8-49F5-8D80-8AA0C6F7F1B6}.Release|Any CPU.Build.0 = Release|Any CPU
		{A36773EB-74AF-46BE-9881-5BA6A593D891}.Debug|Any CPU.ActiveCfg = Debug|Any CPU
		{A36773EB-74AF-46BE-9881-5BA6A593D891}.Debug|Any CPU.Build.0 = Debug|Any CPU
		{A36773EB-74AF-46BE-9881-5BA6A593D891}.Release|Any CPU.ActiveCfg = Release|Any CPU
		{A36773EB-74AF-46BE-9881-5BA6A593D891}.Release|Any CPU.Build.0 = Release|Any CPU
		{D6EB6BB8-13D7-4BEE-B585-E5A4AA9D9715}.Debug|Any CPU.ActiveCfg = Debug|Any CPU
		{D6EB6BB8-13D7-4BEE-B585-E5A4AA9D9715}.Debug|Any CPU.Build.0 = Debug|Any CPU
		{D6EB6BB8-13D7-4BEE-B585-E5A4AA9D9715}.Release|Any CPU.ActiveCfg = Release|Any CPU
		{D6EB6BB8-13D7-4BEE-B585-E5A4AA9D9715}.Release|Any CPU.Build.0 = Release|Any CPU
		{3BFD9A90-01A3-4F31-8C8E-775892F15C2B}.Debug|Any CPU.ActiveCfg = Debug|Any CPU
		{3BFD9A90-01A3-4F31-8C8E-775892F15C2B}.Debug|Any CPU.Build.0 = Debug|Any CPU
		{3BFD9A90-01A3-4F31-8C8E-775892F15C2B}.Release|Any CPU.ActiveCfg = Release|Any CPU
		{3BFD9A90-01A3-4F31-8C8E-775892F15C2B}.Release|Any CPU.Build.0 = Release|Any CPU
		{17B12114-EDBB-436C-9EE6-0E0394563E5C}.Debug|Any CPU.ActiveCfg = Debug|Any CPU
		{17B12114-EDBB-436C-9EE6-0E0394563E5C}.Debug|Any CPU.Build.0 = Debug|Any CPU
		{17B12114-EDBB-436C-9EE6-0E0394563E5C}.Release|Any CPU.ActiveCfg = Release|Any CPU
		{17B12114-EDBB-436C-9EE6-0E0394563E5C}.Release|Any CPU.Build.0 = Release|Any CPU
		{81BAA87C-E62E-460E-A21A-AFBBB65E97AD}.Debug|Any CPU.ActiveCfg = Debug|Any CPU
		{81BAA87C-E62E-460E-A21A-AFBBB65E97AD}.Debug|Any CPU.Build.0 = Debug|Any CPU
		{81BAA87C-E62E-460E-A21A-AFBBB65E97AD}.Release|Any CPU.ActiveCfg = Release|Any CPU
		{81BAA87C-E62E-460E-A21A-AFBBB65E97AD}.Release|Any CPU.Build.0 = Release|Any CPU
		{EE8E01FF-4730-43EF-98AB-C8DEA1476BB0}.Debug|Any CPU.ActiveCfg = Debug|Any CPU
		{EE8E01FF-4730-43EF-98AB-C8DEA1476BB0}.Debug|Any CPU.Build.0 = Debug|Any CPU
		{EE8E01FF-4730-43EF-98AB-C8DEA1476BB0}.Release|Any CPU.ActiveCfg = Release|Any CPU
		{EE8E01FF-4730-43EF-98AB-C8DEA1476BB0}.Release|Any CPU.Build.0 = Release|Any CPU
		{D05108B5-3A3A-4088-9F17-0EBE1300583A}.Debug|Any CPU.ActiveCfg = Debug|Any CPU
		{D05108B5-3A3A-4088-9F17-0EBE1300583A}.Debug|Any CPU.Build.0 = Debug|Any CPU
		{D05108B5-3A3A-4088-9F17-0EBE1300583A}.Release|Any CPU.ActiveCfg = Release|Any CPU
		{D05108B5-3A3A-4088-9F17-0EBE1300583A}.Release|Any CPU.Build.0 = Release|Any CPU
		{458374D9-1EF4-4AEF-9A43-58378E5BAB0C}.Debug|Any CPU.ActiveCfg = Debug|Any CPU
		{458374D9-1EF4-4AEF-9A43-58378E5BAB0C}.Debug|Any CPU.Build.0 = Debug|Any CPU
		{458374D9-1EF4-4AEF-9A43-58378E5BAB0C}.Release|Any CPU.ActiveCfg = Release|Any CPU
		{458374D9-1EF4-4AEF-9A43-58378E5BAB0C}.Release|Any CPU.Build.0 = Release|Any CPU
		{888B9ED4-08E3-4B4C-970A-C5799F01BEE5}.Debug|Any CPU.ActiveCfg = Debug|Any CPU
		{888B9ED4-08E3-4B4C-970A-C5799F01BEE5}.Debug|Any CPU.Build.0 = Debug|Any CPU
		{888B9ED4-08E3-4B4C-970A-C5799F01BEE5}.Release|Any CPU.ActiveCfg = Release|Any CPU
		{888B9ED4-08E3-4B4C-970A-C5799F01BEE5}.Release|Any CPU.Build.0 = Release|Any CPU
		{7F81581F-DF6D-4C2A-BC1B-B116D616E5E4}.Debug|Any CPU.ActiveCfg = Debug|Any CPU
		{7F81581F-DF6D-4C2A-BC1B-B116D616E5E4}.Debug|Any CPU.Build.0 = Debug|Any CPU
		{7F81581F-DF6D-4C2A-BC1B-B116D616E5E4}.Release|Any CPU.ActiveCfg = Release|Any CPU
		{7F81581F-DF6D-4C2A-BC1B-B116D616E5E4}.Release|Any CPU.Build.0 = Release|Any CPU
		{D585C1E6-CD80-4D77-9F45-A4D205585BA2}.Debug|Any CPU.ActiveCfg = Debug|Any CPU
		{D585C1E6-CD80-4D77-9F45-A4D205585BA2}.Debug|Any CPU.Build.0 = Debug|Any CPU
		{D585C1E6-CD80-4D77-9F45-A4D205585BA2}.Release|Any CPU.ActiveCfg = Release|Any CPU
		{D585C1E6-CD80-4D77-9F45-A4D205585BA2}.Release|Any CPU.Build.0 = Release|Any CPU
		{65F80BDC-8DBA-489C-800B-EEA46F7EF019}.Debug|Any CPU.ActiveCfg = Debug|Any CPU
		{65F80BDC-8DBA-489C-800B-EEA46F7EF019}.Debug|Any CPU.Build.0 = Debug|Any CPU
		{65F80BDC-8DBA-489C-800B-EEA46F7EF019}.Release|Any CPU.ActiveCfg = Release|Any CPU
		{65F80BDC-8DBA-489C-800B-EEA46F7EF019}.Release|Any CPU.Build.0 = Release|Any CPU
		{1BECA007-8193-443D-B13F-D0731115ECB4}.Debug|Any CPU.ActiveCfg = Debug|Any CPU
		{1BECA007-8193-443D-B13F-D0731115ECB4}.Debug|Any CPU.Build.0 = Debug|Any CPU
		{1BECA007-8193-443D-B13F-D0731115ECB4}.Release|Any CPU.ActiveCfg = Release|Any CPU
		{1BECA007-8193-443D-B13F-D0731115ECB4}.Release|Any CPU.Build.0 = Release|Any CPU
		{5CB09FA7-D404-4900-B036-27204B779A34}.Debug|Any CPU.ActiveCfg = Debug|Any CPU
		{5CB09FA7-D404-4900-B036-27204B779A34}.Debug|Any CPU.Build.0 = Debug|Any CPU
		{5CB09FA7-D404-4900-B036-27204B779A34}.Release|Any CPU.ActiveCfg = Release|Any CPU
		{5CB09FA7-D404-4900-B036-27204B779A34}.Release|Any CPU.Build.0 = Release|Any CPU
		{48DABA68-76B4-47EA-ADA8-C9734E524FE1}.Debug|Any CPU.ActiveCfg = Debug|Any CPU
		{48DABA68-76B4-47EA-ADA8-C9734E524FE1}.Debug|Any CPU.Build.0 = Debug|Any CPU
		{48DABA68-76B4-47EA-ADA8-C9734E524FE1}.Release|Any CPU.ActiveCfg = Release|Any CPU
		{48DABA68-76B4-47EA-ADA8-C9734E524FE1}.Release|Any CPU.Build.0 = Release|Any CPU
		{A32314F9-6C00-4B69-8DB0-0DD780F04069}.Debug|Any CPU.ActiveCfg = Debug|Any CPU
		{A32314F9-6C00-4B69-8DB0-0DD780F04069}.Debug|Any CPU.Build.0 = Debug|Any CPU
		{A32314F9-6C00-4B69-8DB0-0DD780F04069}.Release|Any CPU.ActiveCfg = Release|Any CPU
		{A32314F9-6C00-4B69-8DB0-0DD780F04069}.Release|Any CPU.Build.0 = Release|Any CPU
		{CF51C24A-B236-4FD1-A048-35721D56338C}.Debug|Any CPU.ActiveCfg = Debug|Any CPU
		{CF51C24A-B236-4FD1-A048-35721D56338C}.Debug|Any CPU.Build.0 = Debug|Any CPU
		{CF51C24A-B236-4FD1-A048-35721D56338C}.Release|Any CPU.ActiveCfg = Release|Any CPU
		{CF51C24A-B236-4FD1-A048-35721D56338C}.Release|Any CPU.Build.0 = Release|Any CPU
		{FCF77B55-7882-4F37-8273-2141242D57AB}.Debug|Any CPU.ActiveCfg = Debug|Any CPU
		{FCF77B55-7882-4F37-8273-2141242D57AB}.Debug|Any CPU.Build.0 = Debug|Any CPU
		{FCF77B55-7882-4F37-8273-2141242D57AB}.Release|Any CPU.ActiveCfg = Release|Any CPU
		{FCF77B55-7882-4F37-8273-2141242D57AB}.Release|Any CPU.Build.0 = Release|Any CPU
		{796EC6D2-077B-4CD4-9970-8F4946E9A850}.Debug|Any CPU.ActiveCfg = Debug|Any CPU
		{796EC6D2-077B-4CD4-9970-8F4946E9A850}.Debug|Any CPU.Build.0 = Debug|Any CPU
		{796EC6D2-077B-4CD4-9970-8F4946E9A850}.Release|Any CPU.ActiveCfg = Release|Any CPU
		{796EC6D2-077B-4CD4-9970-8F4946E9A850}.Release|Any CPU.Build.0 = Release|Any CPU
	EndGlobalSection
	GlobalSection(SolutionProperties) = preSolution
		HideSolutionNode = FALSE
	EndGlobalSection
	GlobalSection(NestedProjects) = preSolution
		{42FA51AB-74B8-4722-AD69-EACDF7291570} = {9988055F-E777-4953-B4EB-0A7D622445E6}
		{8E26F7C8-0742-4EFC-83CB-46B1C7F6C730} = {DF175D1E-41C7-4FDB-841B-A547DB66E588}
		{D8B72058-C4E9-459F-ABFF-042BCB33CC57} = {9988055F-E777-4953-B4EB-0A7D622445E6}
		{08ED336B-04E5-45A4-BDB7-70A9DB94809A} = {9988055F-E777-4953-B4EB-0A7D622445E6}
		{B46514FC-DD41-4A58-B562-051D9B004448} = {9988055F-E777-4953-B4EB-0A7D622445E6}
		{D35F78B6-E85C-45B4-846C-672A8FDE35D5} = {8E26F7C8-0742-4EFC-83CB-46B1C7F6C730}
		{816396CA-CC90-4A28-9EBA-41BD527DB20D} = {8E26F7C8-0742-4EFC-83CB-46B1C7F6C730}
		{F6FDCC0F-9AE2-4238-A324-BB8F587D3159} = {3769C90C-9222-43D1-A5A1-405A11E870A1}
		{250D5928-8752-47F6-8ADC-A3D194AE1E8B} = {3769C90C-9222-43D1-A5A1-405A11E870A1}
		{D854B51B-1833-4AD7-B243-687E182F8564} = {8E26F7C8-0742-4EFC-83CB-46B1C7F6C730}
		{6BFD69F5-47A4-4011-99F3-120A1E7480A0} = {99555437-6B45-48F3-ABCF-4867DC1B0A29}
		{3AC849BF-7D3C-4AEC-BCCD-0BBCBA02AD67} = {3769C90C-9222-43D1-A5A1-405A11E870A1}
		{AF6DDC48-4A7F-4DD3-B24F-8A15EC7F0F08} = {DF175D1E-41C7-4FDB-841B-A547DB66E588}
		{F5529F4B-99BE-4BF4-BDBF-E1921500A1F1} = {AF6DDC48-4A7F-4DD3-B24F-8A15EC7F0F08}
		{C4B3394C-42C1-4CB8-8583-14548BFC74CF} = {AF6DDC48-4A7F-4DD3-B24F-8A15EC7F0F08}
		{9AAD4460-F214-4B34-86C8-119A1A04FE88} = {AF6DDC48-4A7F-4DD3-B24F-8A15EC7F0F08}
		{68DBEAD3-D206-4789-A0B6-22F8FDFC25D4} = {DF175D1E-41C7-4FDB-841B-A547DB66E588}
		{46379CF9-EA20-454D-85F4-B5A38CF83AC3} = {68DBEAD3-D206-4789-A0B6-22F8FDFC25D4}
		{ECC77110-14F6-45C9-80D1-B4E3D01931FB} = {68DBEAD3-D206-4789-A0B6-22F8FDFC25D4}
		{5785AC8A-58E8-49F5-8D80-8AA0C6F7F1B6} = {68DBEAD3-D206-4789-A0B6-22F8FDFC25D4}
		{D6095ED8-B5E1-4064-951C-753990253A0D} = {DF175D1E-41C7-4FDB-841B-A547DB66E588}
		{A36773EB-74AF-46BE-9881-5BA6A593D891} = {D6095ED8-B5E1-4064-951C-753990253A0D}
		{D6EB6BB8-13D7-4BEE-B585-E5A4AA9D9715} = {D6095ED8-B5E1-4064-951C-753990253A0D}
		{3BFD9A90-01A3-4F31-8C8E-775892F15C2B} = {D6095ED8-B5E1-4064-951C-753990253A0D}
		{17B12114-EDBB-436C-9EE6-0E0394563E5C} = {21A09190-BB85-4805-9E17-6ED650B5E66D}
		{347AB903-E7B7-4788-AE2F-F1362B46C69E} = {21A09190-BB85-4805-9E17-6ED650B5E66D}
		{81BAA87C-E62E-460E-A21A-AFBBB65E97AD} = {347AB903-E7B7-4788-AE2F-F1362B46C69E}
		{EE8E01FF-4730-43EF-98AB-C8DEA1476BB0} = {347AB903-E7B7-4788-AE2F-F1362B46C69E}
		{D05108B5-3A3A-4088-9F17-0EBE1300583A} = {347AB903-E7B7-4788-AE2F-F1362B46C69E}
		{458374D9-1EF4-4AEF-9A43-58378E5BAB0C} = {347AB903-E7B7-4788-AE2F-F1362B46C69E}
		{888B9ED4-08E3-4B4C-970A-C5799F01BEE5} = {DF175D1E-41C7-4FDB-841B-A547DB66E588}
		{10441F05-FDF6-4E2C-BADD-0610FC18CDF7} = {DF175D1E-41C7-4FDB-841B-A547DB66E588}
		{7F81581F-DF6D-4C2A-BC1B-B116D616E5E4} = {10441F05-FDF6-4E2C-BADD-0610FC18CDF7}
		{D585C1E6-CD80-4D77-9F45-A4D205585BA2} = {10441F05-FDF6-4E2C-BADD-0610FC18CDF7}
		{65F80BDC-8DBA-489C-800B-EEA46F7EF019} = {10441F05-FDF6-4E2C-BADD-0610FC18CDF7}
		{1BECA007-8193-443D-B13F-D0731115ECB4} = {10441F05-FDF6-4E2C-BADD-0610FC18CDF7}
		{5CB09FA7-D404-4900-B036-27204B779A34} = {99555437-6B45-48F3-ABCF-4867DC1B0A29}
		{48DABA68-76B4-47EA-ADA8-C9734E524FE1} = {9988055F-E777-4953-B4EB-0A7D622445E6}
		{A32314F9-6C00-4B69-8DB0-0DD780F04069} = {9988055F-E777-4953-B4EB-0A7D622445E6}
		{CF51C24A-B236-4FD1-A048-35721D56338C} = {D6095ED8-B5E1-4064-951C-753990253A0D}
		{FCF77B55-7882-4F37-8273-2141242D57AB} = {AF6DDC48-4A7F-4DD3-B24F-8A15EC7F0F08}
		{796EC6D2-077B-4CD4-9970-8F4946E9A850} = {2CB2C6F3-EA9E-4816-B946-A94CF2E6190C}
	EndGlobalSection
	GlobalSection(ExtensibilityGlobals) = postSolution
		SolutionGuid = {0AD613F1-A0B2-4828-8A7C-10834158330D}
	EndGlobalSection
EndGlobal
